
Microsoft Visual Studio Solution File, Format Version 12.00
# Visual Studio Version 17
VisualStudioVersion = 17.4.33205.214
MinimumVisualStudioVersion = 10.0.40219.1
Project("{FAE04EC0-301F-11D3-BF4B-00C04F79EFBC}") = "AeFLOWER", "AeFLOWER\AeFLOWER.csproj", "{5D8A8C54-5353-4BB3-A33F-B0C1B19205C0}"
EndProject
Global
	GlobalSection(SolutionConfigurationPlatforms) = preSolution
		Debug|Any CPU = Debug|Any CPU
		Release|Any CPU = Release|Any CPU
	EndGlobalSection
	GlobalSection(ProjectConfigurationPlatforms) = postSolution
		{5D8A8C54-5353-4BB3-A33F-B0C1B19205C0}.Debug|Any CPU.ActiveCfg = Debug|Any CPU
		{5D8A8C54-5353-4BB3-A33F-B0C1B19205C0}.Debug|Any CPU.Build.0 = Debug|Any CPU
		{5D8A8C54-5353-4BB3-A33F-B0C1B19205C0}.Release|Any CPU.ActiveCfg = Release|Any CPU
		{5D8A8C54-5353-4BB3-A33F-B0C1B19205C0}.Release|Any CPU.Build.0 = Release|Any CPU
	EndGlobalSection
	GlobalSection(SolutionProperties) = preSolution
		HideSolutionNode = FALSE
	EndGlobalSection
	GlobalSection(ExtensibilityGlobals) = postSolution
		SolutionGuid = {15864FC6-6EA7-48CB-A19C-59CD8473293E}
	EndGlobalSection
EndGlobal
